hash: 8eb45b91049068e57df3fcb8a313453fad4c626adedb5ab0093c7a82e64e1169
updated: 2017-01-11T23:19:51.668726819+09:00
imports:
- name: github.com/ghodss/yaml
  version: 04f313413ffd65ce25f2541bfd2b2ceec5c0908c
- name: gopkg.in/yaml.v2
  version: a5b47d31c556af34a302ce5d659e6fea44d90de0
testImports: []
